
Microsoft Visual Studio Solution File, Format Version 12.00
# Visual Studio Version 17
VisualStudioVersion = 17.1.32319.34
MinimumVisualStudioVersion = 10.0.40219.1
Project("{9A19103F-16F7-4668-BE54-9A1E7A4F7556}") = "helm-sandbox-app", "helm-sandbox-app\helm-sandbox-app.csproj", "{E12FCA9B-98A8-4733-B72A-4296F3165FDC}"
EndProject
Project("{FAE04EC0-301F-11D3-BF4B-00C04F79EFBC}") = "helm-sandbox-tests", "helm-sandbox-tests\helm-sandbox-tests.csproj", "{4B4C04E3-C2A1-415A-986F-A5551878EAD1}"
EndProject
Global
	GlobalSection(SolutionConfigurationPlatforms) = preSolution
		Debug|Any CPU = Debug|Any CPU
		Release|Any CPU = Release|Any CPU
	EndGlobalSection
	GlobalSection(ProjectConfigurationPlatforms) = postSolution
		{E12FCA9B-98A8-4733-B72A-4296F3165FDC}.Debug|Any CPU.ActiveCfg = Debug|Any CPU
		{E12FCA9B-98A8-4733-B72A-4296F3165FDC}.Debug|Any CPU.Build.0 = Debug|Any CPU
		{E12FCA9B-98A8-4733-B72A-4296F3165FDC}.Release|Any CPU.ActiveCfg = Release|Any CPU
		{E12FCA9B-98A8-4733-B72A-4296F3165FDC}.Release|Any CPU.Build.0 = Release|Any CPU
		{4B4C04E3-C2A1-415A-986F-A5551878EAD1}.Debug|Any CPU.ActiveCfg = Debug|Any CPU
		{4B4C04E3-C2A1-415A-986F-A5551878EAD1}.Debug|Any CPU.Build.0 = Debug|Any CPU
		{4B4C04E3-C2A1-415A-986F-A5551878EAD1}.Release|Any CPU.ActiveCfg = Release|Any CPU
		{4B4C04E3-C2A1-415A-986F-A5551878EAD1}.Release|Any CPU.Build.0 = Release|Any CPU
	EndGlobalSection
	GlobalSection(SolutionProperties) = preSolution
		HideSolutionNode = FALSE
	EndGlobalSection
	GlobalSection(ExtensibilityGlobals) = postSolution
		SolutionGuid = {995E8E8C-59A5-4C7E-87D5-DDD89F9656B0}
	EndGlobalSection
EndGlobal
